
Microsoft Visual Studio Solution File, Format Version 12.00
# Visual Studio Version 17
VisualStudioVersion = 17.14.37614.0
MinimumVisualStudioVersion = 10.0.40219.1
Project("{2150E333-8FDC-42A3-9474-1A3956D46DE8}") = "Task0", "Task0", "{02EA681E-C7D8-13C7-8484-4AC65E1B71E8}"
EndProject
Project("{FAE04EC0-301F-11D3-BF4B-00C04F79EFBC}") = "Tyuiu.YalalovNR.Sprint0.Task0.V0", "Tyuiu.YalalovNR.Sprint0.Task0.V0\Tyuiu.YalalovNR.Sprint0.Task0.V0.csproj", "{B4F4941C-01F4-46B6-979D-BD7889F37E1F}"
EndProject
Project("{2150E333-8FDC-42A3-9474-1A3956D46DE8}") = "Task2", "Task2", "{B77E6139-5F64-4606-A78D-86A2A31CAAC1}"
EndProject
Project("{FAE04EC0-301F-11D3-BF4B-00C04F79EFBC}") = "Tyuiu.YalalovNR.Sprint0.Task2.V0", "Tyuiu.YalalovNR.Sprint0.Task2.V0\Tyuiu.YalalovNR.Sprint0.Task2.V0.csproj", "{BD5696EA-2DB9-4FAB-9970-0BCBEE850423}"
EndProject
Project("{FAE04EC0-301F-11D3-BF4B-00C04F79EFBC}") = "Tyuiu.YalalovNR.Sprint0.Task2.V0.Lib", "Tyuiu.YalalovNR.Sprint0.Task2.V0.Lib\Tyuiu.YalalovNR.Sprint0.Task2.V0.Lib.csproj", "{75376FF4-43FC-4A6F-BB70-3F74146D6D7C}"
EndProject
Project("{FAE04EC0-301F-11D3-BF4B-00C04F79EFBC}") = "Tyuiu.YalalovNR.Sprint0.Task2.V0.Test", "Tyuiu.YalalovNR.Sprint0.Task2.V0.Test\Tyuiu.YalalovNR.Sprint0.Task2.V0.Test.csproj", "{7FB236CB-3573-4D42-BAC7-30F5C47C8772}"
EndProject
Project("{2150E333-8FDC-42A3-9474-1A3956D46DE8}") = "Task1", "Task1", "{F5A54383-A819-4567-94F9-248E693C8A4E}"
EndProject
Project("{FAE04EC0-301F-11D3-BF4B-00C04F79EFBC}") = "Tyuiu.YalalovNR.Sprint0.Task1.V0", "Tyuiu.YalalovNR.Sprint0.Task1.V0\Tyuiu.YalalovNR.Sprint0.Task1.V0.csproj", "{1467FA3D-7319-4A70-911D-CABCA831D87B}"
EndProject
Project("{2150E333-8FDC-42A3-9474-1A3956D46DE8}") = "Task3", "Task3", "{49113D29-0E5E-426A-9736-FE57C9660B0D}"
EndProject
Project("{FAE04EC0-301F-11D3-BF4B-00C04F79EFBC}") = "Tyuiu.YalalovNR.Sprint0.Task3.V0", "Tyuiu.YalalovNR.Sprint0.Task3.V0\Tyuiu.YalalovNR.Sprint0.Task3.V0.csproj", "{693B5ACF-ADA1-459F-A3C2-9984F034F2B1}"
EndProject
Project("{FAE04EC0-301F-11D3-BF4B-00C04F79EFBC}") = "Tyuiu.YalalovNR.Sprint0.Task3.V0.Lib", "Tyuiu.YalalovNR.Sprint0.Task3.V0.Lib\Tyuiu.YalalovNR.Sprint0.Task3.V0.Lib.csproj", "{809B5907-7A9E-47BD-AE96-62C85F441204}"
EndProject
Project("{FAE04EC0-301F-11D3-BF4B-00C04F79EFBC}") = "Tyuiu.YalalovNR.Sprint0.Task3.V0.Test", "Tyuiu.YalalovNR.Sprint0.Task3.V0.Test\Tyuiu.YalalovNR.Sprint0.Task3.V0.Test.csproj", "{E577D1BB-C333-4168-8749-3F75D860499B}"
EndProject
Project("{2150E333-8FDC-42A3-9474-1A3956D46DE8}") = "Task4", "Task4", "{47203A5C-2ECF-4772-9619-7B5A73A3B7E7}"
EndProject
Project("{FAE04EC0-301F-11D3-BF4B-00C04F79EFBC}") = "Tyuiu.YalalovNR.Sprint0.Task4.V0", "Tyuiu.YalalovNR.Sprint0.Task4.V0\Tyuiu.YalalovNR.Sprint0.Task4.V0.csproj", "{5FBE2513-2686-4A56-9549-0F0CFEA51058}"
EndProject
Project("{FAE04EC0-301F-11D3-BF4B-00C04F79EFBC}") = "Tyuiu.YalalovNR.Sprint0.Task4.V0.Lib", "Tyuiu.YalalovNR.Sprint0.Task4.V0.Lib\Tyuiu.YalalovNR.Sprint0.Task4.V0.Lib.csproj", "{BE681190-F264-4105-8573-03CD9F384DFC}"
EndProject
Project("{FAE04EC0-301F-11D3-BF4B-00C04F79EFBC}") = "Tyuiu.YalalovNR.Sprint0.Task4.V0.Test", "Tyuiu.YalalovNR.Sprint0.Task4.V0.Test\Tyuiu.YalalovNR.Sprint0.Task4.V0.Test.csproj", "{C498E65F-1C61-43AD-A434-34BFFF80F0B1}"
EndProject
Global
	GlobalSection(SolutionConfigurationPlatforms) = preSolution
		Debug|Any CPU = Debug|Any CPU
		Release|Any CPU = Release|Any CPU
	EndGlobalSection
	GlobalSection(ProjectConfigurationPlatforms) = postSolution
		{B4F4941C-01F4-46B6-979D-BD7889F37E1F}.Debug|Any CPU.ActiveCfg = Debug|Any CPU
		{B4F4941C-01F4-46B6-979D-BD7889F37E1F}.Debug|Any CPU.Build.0 = Debug|Any CPU
		{B4F4941C-01F4-46B6-979D-BD7889F37E1F}.Release|Any CPU.ActiveCfg = Release|Any CPU
		{B4F4941C-01F4-46B6-979D-BD7889F37E1F}.Release|Any CPU.Build.0 = Release|Any CPU
		{BD5696EA-2DB9-4FAB-9970-0BCBEE850423}.Debug|Any CPU.ActiveCfg = Debug|Any CPU
		{BD5696EA-2DB9-4FAB-9970-0BCBEE850423}.Debug|Any CPU.Build.0 = Debug|Any CPU
		{BD5696EA-2DB9-4FAB-9970-0BCBEE850423}.Release|Any CPU.ActiveCfg = Release|Any CPU
		{BD5696EA-2DB9-4FAB-9970-0BCBEE850423}.Release|Any CPU.Build.0 = Release|Any CPU
		{75376FF4-43FC-4A6F-BB70-3F74146D6D7C}.Debug|Any CPU.ActiveCfg = Debug|Any CPU
		{75376FF4-43FC-4A6F-BB70-3F74146D6D7C}.Debug|Any CPU.Build.0 = Debug|Any CPU
		{75376FF4-43FC-4A6F-BB70-3F74146D6D7C}.Release|Any CPU.ActiveCfg = Release|Any CPU
		{75376FF4-43FC-4A6F-BB70-3F74146D6D7C}.Release|Any CPU.Build.0 = Release|Any CPU
		{7FB236CB-3573-4D42-BAC7-30F5C47C8772}.Debug|Any CPU.ActiveCfg = Debug|Any CPU
		{7FB236CB-3573-4D42-BAC7-30F5C47C8772}.Debug|Any CPU.Build.0 = Debug|Any CPU
		{7FB236CB-3573-4D42-BAC7-30F5C47C8772}.Release|Any CPU.ActiveCfg = Release|Any CPU
		{7FB236CB-3573-4D42-BAC7-30F5C47C8772}.Release|Any CPU.Build.0 = Release|Any CPU
		{1467FA3D-7319-4A70-911D-CABCA831D87B}.Debug|Any CPU.ActiveCfg = Debug|Any CPU
		{1467FA3D-7319-4A70-911D-CABCA831D87B}.Debug|Any CPU.Build.0 = Debug|Any CPU
		{1467FA3D-7319-4A70-911D-CABCA831D87B}.Release|Any CPU.ActiveCfg = Release|Any CPU
		{1467FA3D-7319-4A70-911D-CABCA831D87B}.Release|Any CPU.Build.0 = Release|Any CPU
		{693B5ACF-ADA1-459F-A3C2-9984F034F2B1}.Debug|Any CPU.ActiveCfg = Debug|Any CPU
		{693B5ACF-ADA1-459F-A3C2-9984F034F2B1}.Debug|Any CPU.Build.0 = Debug|Any CPU
		{693B5ACF-ADA1-459F-A3C2-9984F034F2B1}.Release|Any CPU.ActiveCfg = Release|Any CPU
		{693B5ACF-ADA1-459F-A3C2-9984F034F2B1}.Release|Any CPU.Build.0 = Release|Any CPU
		{809B5907-7A9E-47BD-AE96-62C85F441204}.Debug|Any CPU.ActiveCfg = Debug|Any CPU
		{809B5907-7A9E-47BD-AE96-62C85F441204}.Debug|Any CPU.Build.0 = Debug|Any CPU
		{809B5907-7A9E-47BD-AE96-62C85F441204}.Release|Any CPU.ActiveCfg = Release|Any CPU
		{809B5907-7A9E-47BD-AE96-62C85F441204}.Release|Any CPU.Build.0 = Release|Any CPU
		{E577D1BB-C333-4168-8749-3F75D860499B}.Debug|Any CPU.ActiveCfg = Debug|Any CPU
		{E577D1BB-C333-4168-8749-3F75D860499B}.Debug|Any CPU.Build.0 = Debug|Any CPU
		{E577D1BB-C333-4168-8749-3F75D860499B}.Release|Any CPU.ActiveCfg = Release|Any CPU
		{E577D1BB-C333-4168-8749-3F75D860499B}.Release|Any CPU.Build.0 = Release|Any CPU
		{5FBE2513-2686-4A56-9549-0F0CFEA51058}.Debug|Any CPU.ActiveCfg = Debug|Any CPU
		{5FBE2513-2686-4A56-9549-0F0CFEA51058}.Debug|Any CPU.Build.0 = Debug|Any CPU
		{5FBE2513-2686-4A56-9549-0F0CFEA51058}.Release|Any CPU.ActiveCfg = Release|Any CPU
		{5FBE2513-2686-4A56-9549-0F0CFEA51058}.Release|Any CPU.Build.0 = Release|Any CPU
		{BE681190-F264-4105-8573-03CD9F384DFC}.Debug|Any CPU.ActiveCfg = Debug|Any CPU
		{BE681190-F264-4105-8573-03CD9F384DFC}.Debug|Any CPU.Build.0 = Debug|Any CPU
		{BE681190-F264-4105-8573-03CD9F384DFC}.Release|Any CPU.ActiveCfg = Release|Any CPU
		{BE681190-F264-4105-8573-03CD9F384DFC}.Release|Any CPU.Build.0 = Release|Any CPU
		{C498E65F-1C61-43AD-A434-34BFFF80F0B1}.Debug|Any CPU.ActiveCfg = Debug|Any CPU
		{C498E65F-1C61-43AD-A434-34BFFF80F0B1}.Debug|Any CPU.Build.0 = Debug|Any CPU
		{C498E65F-1C61-43AD-A434-34BFFF80F0B1}.Release|Any CPU.ActiveCfg = Release|Any CPU
		{C498E65F-1C61-43AD-A434-34BFFF80F0B1}.Release|Any CPU.Build.0 = Release|Any CPU
	EndGlobalSection
	GlobalSection(SolutionProperties) = preSolution
		HideSolutionNode = FALSE
	EndGlobalSection
	GlobalSection(NestedProjects) = preSolution
		{B4F4941C-01F4-46B6-979D-BD7889F37E1F} = {02EA681E-C7D8-13C7-8484-4AC65E1B71E8}
		{BD5696EA-2DB9-4FAB-9970-0BCBEE850423} = {B77E6139-5F64-4606-A78D-86A2A31CAAC1}
		{75376FF4-43FC-4A6F-BB70-3F74146D6D7C} = {B77E6139-5F64-4606-A78D-86A2A31CAAC1}
		{7FB236CB-3573-4D42-BAC7-30F5C47C8772} = {B77E6139-5F64-4606-A78D-86A2A31CAAC1}
		{1467FA3D-7319-4A70-911D-CABCA831D87B} = {F5A54383-A819-4567-94F9-248E693C8A4E}
		{693B5ACF-ADA1-459F-A3C2-9984F034F2B1} = {49113D29-0E5E-426A-9736-FE57C9660B0D}
		{809B5907-7A9E-47BD-AE96-62C85F441204} = {49113D29-0E5E-426A-9736-FE57C9660B0D}
		{E577D1BB-C333-4168-8749-3F75D860499B} = {49113D29-0E5E-426A-9736-FE57C9660B0D}
		{5FBE2513-2686-4A56-9549-0F0CFEA51058} = {47203A5C-2ECF-4772-9619-7B5A73A3B7E7}
		{BE681190-F264-4105-8573-03CD9F384DFC} = {47203A5C-2ECF-4772-9619-7B5A73A3B7E7}
		{C498E65F-1C61-43AD-A434-34BFFF80F0B1} = {47203A5C-2ECF-4772-9619-7B5A73A3B7E7}
	EndGlobalSection
	GlobalSection(ExtensibilityGlobals) = postSolution
		SolutionGuid = {55BC1A85-75A2-4DF1-B3EC-DDA347300F19}
	EndGlobalSection
EndGlobal
